// !$*UTF8*$!
{
	archiveVersion = 1;
	classes = {
	};
	objectVersion = 56;
	objects = {

/* Begin PBXBuildFile section */
		CE091FD429FC2C71009090AD /* main.cpp in Sources */ = {isa = PBXBuildFile; fileRef = CE091FD329FC2C71009090AD /* main.cpp */; };
		CE302EFF2A02D79300F60075 /* machine.cpp in Sources */ = {isa = PBXBuildFile; fileRef = CE302EFD2A02D79300F60075 /* machine.cpp */; };
		CE9581BD2A20A4B3007B87F7 /* ui.cpp in Sources */ = {isa = PBXBuildFile; fileRef = CE9581BB2A20A0C6007B87F7 /* ui.cpp */; };
		CEB626522A0A5689000D2530 /* assembler.cpp in Sources */ = {isa = PBXBuildFile; fileRef = CEB626502A0A3CF3000D2530 /* assembler.cpp */; };
		CEB626572A0AA4F4000D2530 /* cpu65c02.cpp in Sources */ = {isa = PBXBuildFile; fileRef = CEB626532A0A97CC000D2530 /* cpu65c02.cpp */; };
		CEB626582A0AA4F9000D2530 /* parser.cpp in Sources */ = {isa = PBXBuildFile; fileRef = CEB626552A0AA2DA000D2530 /* parser.cpp */; };
/* End PBXBuildFile section */

/* Begin PBXCopyFilesBuildPhase section */
		CE3990B529FC27DE004DCCE5 /* CopyFiles */ = {
			isa = PBXCopyFilesBuildPhase;
			buildActionMask = 2147483647;
			dstPath = /usr/share/man/man1/;
			dstSubfolderSpec = 0;
			files = (
			);
			runOnlyForDeploymentPostprocessing = 1;
		};
/* End PBXCopyFilesBuildPhase section */

/* Begin PBXFileReference section */
		CE091FD329FC2C71009090AD /* main.cpp */ = {isa = PBXFileReference; lastKnownFileType = sourcecode.cpp.cpp; path = main.cpp; sourceTree = "<group>"; };
		CE246BF72A096F2F00DAB8D9 /* executable.hpp */ = {isa = PBXFileReference; lastKnownFileType = sourcecode.cpp.h; path = executable.hpp; sourceTree = "<group>"; };
		CE246BF92A09703500DAB8D9 /* 65c02.hpp */ = {isa = PBXFileReference; lastKnownFileType = sourcecode.cpp.h; path = 65c02.hpp; sourceTree = "<group>"; };
		CE302EFD2A02D79300F60075 /* machine.cpp */ = {isa = PBXFileReference; lastKnownFileType = sourcecode.cpp.cpp; path = machine.cpp; sourceTree = "<group>"; };
		CE302EFE2A02D79300F60075 /* machine.hpp */ = {isa = PBXFileReference; lastKnownFileType = sourcecode.cpp.h; path = machine.hpp; sourceTree = "<group>"; };
		CE3990B729FC27DE004DCCE5 /* 65c02 */ = {isa = PBXFileReference; explicitFileType = "compiled.mach-o.executable"; includeInIndex = 0; path = 65c02; sourceTree = BUILT_PRODUCTS_DIR; };
		CE5EC9562A0D4FE200D3213A /* processor.hpp */ = {isa = PBXFileReference; lastKnownFileType = sourcecode.cpp.h; path = processor.hpp; sourceTree = "<group>"; };
		CE9581BB2A20A0C6007B87F7 /* ui.cpp */ = {isa = PBXFileReference; lastKnownFileType = sourcecode.cpp.cpp; path = ui.cpp; sourceTree = "<group>"; };
		CE9581BC2A20A0C6007B87F7 /* ui.hpp */ = {isa = PBXFileReference; lastKnownFileType = sourcecode.cpp.h; path = ui.hpp; sourceTree = "<group>"; };
		CEB626502A0A3CF3000D2530 /* assembler.cpp */ = {isa = PBXFileReference; lastKnownFileType = sourcecode.cpp.cpp; path = assembler.cpp; sourceTree = "<group>"; };
		CEB626512A0A3CF3000D2530 /* assembler.hpp */ = {isa = PBXFileReference; lastKnownFileType = sourcecode.cpp.h; path = assembler.hpp; sourceTree = "<group>"; };
		CEB626532A0A97CC000D2530 /* cpu65c02.cpp */ = {isa = PBXFileReference; lastKnownFileType = sourcecode.cpp.cpp; path = cpu65c02.cpp; sourceTree = "<group>"; };
		CEB626542A0A97CC000D2530 /* cpu65c02.hpp */ = {isa = PBXFileReference; lastKnownFileType = sourcecode.cpp.h; path = cpu65c02.hpp; sourceTree = "<group>"; };
		CEB626552A0AA2DA000D2530 /* parser.cpp */ = {isa = PBXFileReference; lastKnownFileType = sourcecode.cpp.cpp; path = parser.cpp; sourceTree = "<group>"; };
		CEB626562A0AA2DA000D2530 /* parser.hpp */ = {isa = PBXFileReference; lastKnownFileType = sourcecode.cpp.h; path = parser.hpp; sourceTree = "<group>"; };
/* End PBXFileReference section */

/* Begin PBXFrameworksBuildPhase section */
		CE3990B429FC27DE004DCCE5 /* Frameworks */ = {
			isa = PBXFrameworksBuildPhase;
			buildActionMask = 2147483647;
			files = (
			);
			runOnlyForDeploymentPostprocessing = 0;
		};
/* End PBXFrameworksBuildPhase section */

/* Begin PBXGroup section */
		CE3990AE29FC27DE004DCCE5 = {
			isa = PBXGroup;
			children = (
				CE3990B929FC27DE004DCCE5 /* units */,
				CE3990B829FC27DE004DCCE5 /* Products */,
			);
			sourceTree = "<group>";
		};
		CE3990B829FC27DE004DCCE5 /* Products */ = {
			isa = PBXGroup;
			children = (
				CE3990B729FC27DE004DCCE5 /* 65c02 */,
			);
			name = Products;
			sourceTree = "<group>";
		};
		CE3990B929FC27DE004DCCE5 /* units */ = {
			isa = PBXGroup;
			children = (
				CE091FD329FC2C71009090AD /* main.cpp */,
				CE246BF92A09703500DAB8D9 /* 65c02.hpp */,
				CEB626502A0A3CF3000D2530 /* assembler.cpp */,
				CEB626512A0A3CF3000D2530 /* assembler.hpp */,
				CEB626532A0A97CC000D2530 /* cpu65c02.cpp */,
				CEB626542A0A97CC000D2530 /* cpu65c02.hpp */,
				CE246BF72A096F2F00DAB8D9 /* executable.hpp */,
				CE302EFD2A02D79300F60075 /* machine.cpp */,
				CE302EFE2A02D79300F60075 /* machine.hpp */,
				CEB626552A0AA2DA000D2530 /* parser.cpp */,
				CEB626562A0AA2DA000D2530 /* parser.hpp */,
				CE5EC9562A0D4FE200D3213A /* processor.hpp */,
				CE9581BB2A20A0C6007B87F7 /* ui.cpp */,
				CE9581BC2A20A0C6007B87F7 /* ui.hpp */,
			);
			name = units;
			path = ../../units;
			sourceTree = "<group>";
		};
/* End PBXGroup section */

/* Begin PBXNativeTarget section */
		CE3990B629FC27DE004DCCE5 /* 65c02 */ = {
			isa = PBXNativeTarget;
			buildConfigurationList = CE3990BE29FC27DE004DCCE5 /* Build configuration list for PBXNativeTarget "65c02" */;
			buildPhases = (
				CE3990B329FC27DE004DCCE5 /* Sources */,
				CE3990B429FC27DE004DCCE5 /* Frameworks */,
				CE3990B529FC27DE004DCCE5 /* CopyFiles */,
			);
			buildRules = (
			);
			dependencies = (
			);
			name = 65c02;
			productName = 65c02;
			productReference = CE3990B729FC27DE004DCCE5 /* 65c02 */;
			productType = "com.apple.product-type.tool";
		};
/* End PBXNativeTarget section */

/* Begin PBXProject section */
		CE3990AF29FC27DE004DCCE5 /* Project object */ = {
			isa = PBXProject;
			attributes = {
				BuildIndependentTargetsInParallel = 1;
				LastUpgradeCheck = 2620;
				ORGANIZATIONNAME = "Faustic Inferno SL";
				TargetAttributes = {
					CE3990B629FC27DE004DCCE5 = {
						CreatedOnToolsVersion = 14.3;
					};
				};
			};
			buildConfigurationList = CE3990B229FC27DE004DCCE5 /* Build configuration list for PBXProject "65c02" */;
			compatibilityVersion = "Xcode 14.0";
			developmentRegion = en;
			hasScannedForEncodings = 0;
			knownRegions = (
				en,
				Base,
			);
			mainGroup = CE3990AE29FC27DE004DCCE5;
			productRefGroup = CE3990B829FC27DE004DCCE5 /* Products */;
			projectDirPath = "";
			projectRoot = "";
			targets = (
				CE3990B629FC27DE004DCCE5 /* 65c02 */,
			);
		};
/* End PBXProject section */

/* Begin PBXSourcesBuildPhase section */
		CE3990B329FC27DE004DCCE5 /* Sources */ = {
			isa = PBXSourcesBuildPhase;
			buildActionMask = 2147483647;
			files = (
				CEB626582A0AA4F9000D2530 /* parser.cpp in Sources */,
				CE9581BD2A20A4B3007B87F7 /* ui.cpp in Sources */,
				CEB626522A0A5689000D2530 /* assembler.cpp in Sources */,
				CEB626572A0AA4F4000D2530 /* cpu65c02.cpp in Sources */,
				CE091FD429FC2C71009090AD /* main.cpp in Sources */,
				CE302EFF2A02D79300F60075 /* machine.cpp in Sources */,
			);
			runOnlyForDeploymentPostprocessing = 0;
		};
/* End PBXSourcesBuildPhase section */

/* Begin XCBuildConfiguration section */
		CE3990BC29FC27DE004DCCE5 /* Debug */ = {
			isa = XCBuildConfiguration;
			buildSettings = {
				ALWAYS_SEARCH_USER_PATHS = NO;
				CLANG_ANALYZER_NONNULL = YES;
				CLANG_ANALYZER_NUMBER_OBJECT_CONVERSION = YES_AGGRESSIVE;
				CLANG_CXX_LANGUAGE_STANDARD = "c++20";
				CLANG_ENABLE_MODULES = YES;
				CLANG_ENABLE_OBJC_ARC = YES;
				CLANG_ENABLE_OBJC_WEAK = YES;
				CLANG_WARN_BLOCK_CAPTURE_AUTORELEASING = YES;
				CLANG_WARN_BOOL_CONVERSION = YES;
				CLANG_WARN_COMMA = YES;
				CLANG_WARN_CONSTANT_CONVERSION = YES;
				CLANG_WARN_DEPRECATED_OBJC_IMPLEMENTATIONS = YES;
				CLANG_WARN_DIRECT_OBJC_ISA_USAGE = YES_ERROR;
				CLANG_WARN_DOCUMENTATION_COMMENTS = YES;
				CLANG_WARN_EMPTY_BODY = YES;
				CLANG_WARN_ENUM_CONVERSION = YES;
				CLANG_WARN_INFINITE_RECURSION = YES;
				CLANG_WARN_INT_CONVERSION = YES;
				CLANG_WARN_NON_LITERAL_NULL_CONVERSION = YES;
				CLANG_WARN_OBJC_IMPLICIT_RETAIN_SELF = YES;
				CLANG_WARN_OBJC_LITERAL_CONVERSION = YES;
				CLANG_WARN_OBJC_ROOT_CLASS = YES_ERROR;
				CLANG_WARN_QUOTED_INCLUDE_IN_FRAMEWORK_HEADER = YES;
				CLANG_WARN_RANGE_LOOP_ANALYSIS = YES;
				CLANG_WARN_STRICT_PROTOTYPES = YES;
				CLANG_WARN_SUSPICIOUS_MOVE = YES;
				CLANG_WARN_UNGUARDED_AVAILABILITY = YES_AGGRESSIVE;
				CLANG_WARN_UNREACHABLE_CODE = YES;
				CLANG_WARN__DUPLICATE_METHOD_MATCH = YES;
				COPY_PHASE_STRIP = NO;
				DEAD_CODE_STRIPPING = YES;
				DEBUG_INFORMATION_FORMAT = dwarf;
				ENABLE_STRICT_OBJC_MSGSEND = YES;
				ENABLE_TESTABILITY = YES;
				ENABLE_USER_SCRIPT_SANDBOXING = YES;
				GCC_C_LANGUAGE_STANDARD = c11;
				GCC_DYNAMIC_NO_PIC = NO;
				GCC_NO_COMMON_BLOCKS = YES;
				GCC_OPTIMIZATION_LEVEL = 0;
				GCC_PREPROCESSOR_DEFINITIONS = (
					"DEBUG=1",
					"$(inherited)",
				);
				GCC_WARN_64_TO_32_BIT_CONVERSION = YES;
				GCC_WARN_ABOUT_RETURN_TYPE = YES_ERROR;
				GCC_WARN_UNDECLARED_SELECTOR = YES;
				GCC_WARN_UNINITIALIZED_AUTOS = YES_AGGRESSIVE;
				GCC_WARN_UNUSED_FUNCTION = YES;
				GCC_WARN_UNUSED_VARIABLE = YES;
				MACOSX_DEPLOYMENT_TARGET = 13.3;
				MTL_ENABLE_DEBUG_INFO = INCLUDE_SOURCE;
				MTL_FAST_MATH = YES;
				ONLY_ACTIVE_ARCH = YES;
				SDKROOT = macosx;
				STRING_CATALOG_GENERATE_SYMBOLS = YES;
			};
			name = Debug;
		};
		CE3990BD29FC27DE004DCCE5 /* Release */ = {
			isa = XCBuildConfiguration;
			buildSettings = {
				ALWAYS_SEARCH_USER_PATHS = NO;
				CLANG_ANALYZER_NONNULL = YES;
				CLANG_ANALYZER_NUMBER_OBJECT_CONVERSION = YES_AGGRESSIVE;
				CLANG_CXX_LANGUAGE_STANDARD = "c++20";
				CLANG_ENABLE_MODULES = YES;
				CLANG_ENABLE_OBJC_ARC = YES;
				CLANG_ENABLE_OBJC_WEAK = YES;
				CLANG_WARN_BLOCK_CAPTURE_AUTORELEASING = YES;
				CLANG_WARN_BOOL_CONVERSION = YES;
				CLANG_WARN_COMMA = YES;
				CLANG_WARN_CONSTANT_CONVERSION = YES;
				CLANG_WARN_DEPRECATED_OBJC_IMPLEMENTATIONS = YES;
				CLANG_WARN_DIRECT_OBJC_ISA_USAGE = YES_ERROR;
				CLANG_WARN_DOCUMENTATION_COMMENTS = YES;
				CLANG_WARN_EMPTY_BODY = YES;
				CLANG_WARN_ENUM_CONVERSION = YES;
				CLANG_WARN_INFINITE_RECURSION = YES;
				CLANG_WARN_INT_CONVERSION = YES;
				CLANG_WARN_NON_LITERAL_NULL_CONVERSION = YES;
				CLANG_WARN_OBJC_IMPLICIT_RETAIN_SELF = YES;
				CLANG_WARN_OBJC_LITERAL_CONVERSION = YES;
				CLANG_WARN_OBJC_ROOT_CLASS = YES_ERROR;
				CLANG_WARN_QUOTED_INCLUDE_IN_FRAMEWORK_HEADER = YES;
				CLANG_WARN_RANGE_LOOP_ANALYSIS = YES;
				CLANG_WARN_STRICT_PROTOTYPES = YES;
				CLANG_WARN_SUSPICIOUS_MOVE = YES;
				CLANG_WARN_UNGUARDED_AVAILABILITY = YES_AGGRESSIVE;
				CLANG_WARN_UNREACHABLE_CODE = YES;
				CLANG_WARN__DUPLICATE_METHOD_MATCH = YES;
				COPY_PHASE_STRIP = NO;
				DEAD_CODE_STRIPPING = YES;
				DEBUG_INFORMATION_FORMAT = "dwarf-with-dsym";
				ENABLE_NS_ASSERTIONS = NO;
				ENABLE_STRICT_OBJC_MSGSEND = YES;
				ENABLE_USER_SCRIPT_SANDBOXING = YES;
				GCC_C_LANGUAGE_STANDARD = c11;
				GCC_NO_COMMON_BLOCKS = YES;
				GCC_WARN_64_TO_32_BIT_CONVERSION = YES;
				GCC_WARN_ABOUT_RETURN_TYPE = YES_ERROR;
				GCC_WARN_UNDECLARED_SELECTOR = YES;
				GCC_WARN_UNINITIALIZED_AUTOS = YES_AGGRESSIVE;
				GCC_WARN_UNUSED_FUNCTION = YES;
				GCC_WARN_UNUSED_VARIABLE = YES;
				MACOSX_DEPLOYMENT_TARGET = 13.3;
				MTL_ENABLE_DEBUG_INFO = NO;
				MTL_FAST_MATH = YES;
				SDKROOT = macosx;
				STRING_CATALOG_GENERATE_SYMBOLS = YES;
			};
			name = Release;
		};
		CE3990BF29FC27DE004DCCE5 /* Debug */ = {
			isa = XCBuildConfiguration;
			buildSettings = {
				CODE_SIGN_STYLE = Automatic;
				DEAD_CODE_STRIPPING = YES;
				PRODUCT_NAME = "$(TARGET_NAME)";
				SYSTEM_HEADER_SEARCH_PATHS = $SRCROOT/../../../common/include;
			};
			name = Debug;
		};
		CE3990C029FC27DE004DCCE5 /* Release */ = {
			isa = XCBuildConfiguration;
			buildSettings = {
				CODE_SIGN_STYLE = Automatic;
				DEAD_CODE_STRIPPING = YES;
				PRODUCT_NAME = "$(TARGET_NAME)";
				SYSTEM_HEADER_SEARCH_PATHS = $SRCROOT/../../../common/include;
			};
			name = Release;
		};
/* End XCBuildConfiguration section */

/* Begin XCConfigurationList section */
		CE3990B229FC27DE004DCCE5 /* Build configuration list for PBXProject "65c02" */ = {
			isa = XCConfigurationList;
			buildConfigurations = (
				CE3990BC29FC27DE004DCCE5 /* Debug */,
				CE3990BD29FC27DE004DCCE5 /* Release */,
			);
			defaultConfigurationIsVisible = 0;
			defaultConfigurationName = Release;
		};
		CE3990BE29FC27DE004DCCE5 /* Build configuration list for PBXNativeTarget "65c02" */ = {
			isa = XCConfigurationList;
			buildConfigurations = (
				CE3990BF29FC27DE004DCCE5 /* Debug */,
				CE3990C029FC27DE004DCCE5 /* Release */,
			);
			defaultConfigurationIsVisible = 0;
			defaultConfigurationName = Release;
		};
/* End XCConfigurationList section */
	};
	rootObject = CE3990AF29FC27DE004DCCE5 /* Project object */;
}
