// !$*UTF8*$!
{
	archiveVersion = 1;
	classes = {
	};
	objectVersion = 50;
	objects = {

/* Begin PBXBuildFile section */
		A9270F2A25928E3F00BC854D /* environment.cpp in Sources */ = {isa = PBXBuildFile; fileRef = A9270F2825928E3F00BC854D /* environment.cpp */; };
		A9F398E8259A5E8F00C215C7 /* assembler.cpp in Sources */ = {isa = PBXBuildFile; fileRef = A9F398E6259A5E8F00C215C7 /* assembler.cpp */; };
		A9FDFD432582B4B600402C1F /* main.cpp in Sources */ = {isa = PBXBuildFile; fileRef = A9FDFD422582B4B600402C1F /* main.cpp */; };
		A9FDFD4C2582D20900402C1F /* parser.cpp in Sources */ = {isa = PBXBuildFile; fileRef = A9FDFD4B2582D20900402C1F /* parser.cpp */; };
/* End PBXBuildFile section */

/* Begin PBXCopyFilesBuildPhase section */
		A9B56C822582B326004A5365 /* CopyFiles */ = {
			isa = PBXCopyFilesBuildPhase;
			buildActionMask = 2147483647;
			dstPath = /usr/share/man/man1/;
			dstSubfolderSpec = 0;
			files = (
			);
			runOnlyForDeploymentPostprocessing = 1;
		};
/* End PBXCopyFilesBuildPhase section */

/* Begin PBXFileReference section */
		A9270F2825928E3F00BC854D /* environment.cpp */ = {isa = PBXFileReference; lastKnownFileType = sourcecode.cpp.cpp; path = environment.cpp; sourceTree = "<group>"; };
		A9270F2925928E3F00BC854D /* environment.hpp */ = {isa = PBXFileReference; lastKnownFileType = sourcecode.cpp.h; path = environment.hpp; sourceTree = "<group>"; };
		A94EF2FD25916ECF00758403 /* cpu.hpp */ = {isa = PBXFileReference; lastKnownFileType = sourcecode.cpp.h; path = cpu.hpp; sourceTree = "<group>"; };
		A95E38A92583F59400C53F0F /* disassembler.hpp */ = {isa = PBXFileReference; lastKnownFileType = sourcecode.cpp.h; path = disassembler.hpp; sourceTree = "<group>"; };
		A95E38AA2583F63100C53F0F /* memory.hpp */ = {isa = PBXFileReference; lastKnownFileType = sourcecode.cpp.h; path = memory.hpp; sourceTree = "<group>"; };
		A95E38AC2583F7A700C53F0F /* using_string.hpp */ = {isa = PBXFileReference; lastKnownFileType = sourcecode.cpp.h; path = using_string.hpp; sourceTree = "<group>"; };
		A95E38B12583FB7B00C53F0F /* using_iostream.hpp */ = {isa = PBXFileReference; lastKnownFileType = sourcecode.cpp.h; path = using_iostream.hpp; sourceTree = "<group>"; };
		A9B56C842582B326004A5365 /* visy1010 */ = {isa = PBXFileReference; explicitFileType = "compiled.mach-o.executable"; includeInIndex = 0; path = visy1010; sourceTree = BUILT_PRODUCTS_DIR; };
		A9F398E6259A5E8F00C215C7 /* assembler.cpp */ = {isa = PBXFileReference; lastKnownFileType = sourcecode.cpp.cpp; path = assembler.cpp; sourceTree = "<group>"; };
		A9F398E7259A5E8F00C215C7 /* assembler.hpp */ = {isa = PBXFileReference; lastKnownFileType = sourcecode.cpp.h; path = assembler.hpp; sourceTree = "<group>"; };
		A9F398EA259A5F7B00C215C7 /* arch.hpp */ = {isa = PBXFileReference; lastKnownFileType = sourcecode.cpp.h; path = arch.hpp; sourceTree = "<group>"; };
		A9F398EC259A602000C215C7 /* using_containers.hpp */ = {isa = PBXFileReference; lastKnownFileType = sourcecode.cpp.h; path = using_containers.hpp; sourceTree = "<group>"; };
		A9FDFD422582B4B600402C1F /* main.cpp */ = {isa = PBXFileReference; lastKnownFileType = sourcecode.cpp.cpp; path = main.cpp; sourceTree = "<group>"; };
		A9FDFD472582B59700402C1F /* processor.hpp */ = {isa = PBXFileReference; lastKnownFileType = sourcecode.cpp.h; path = processor.hpp; sourceTree = "<group>"; };
		A9FDFD492582BC6700402C1F /* parser.hpp */ = {isa = PBXFileReference; lastKnownFileType = sourcecode.cpp.h; path = parser.hpp; sourceTree = "<group>"; };
		A9FDFD4B2582D20900402C1F /* parser.cpp */ = {isa = PBXFileReference; lastKnownFileType = sourcecode.cpp.cpp; path = parser.cpp; sourceTree = "<group>"; };
		A9FDFD4F2582D82B00402C1F /* using_cstdint.hpp */ = {isa = PBXFileReference; lastKnownFileType = sourcecode.cpp.h; path = using_cstdint.hpp; sourceTree = "<group>"; };
/* End PBXFileReference section */

/* Begin PBXFrameworksBuildPhase section */
		A9B56C812582B326004A5365 /* Frameworks */ = {
			isa = PBXFrameworksBuildPhase;
			buildActionMask = 2147483647;
			files = (
			);
			runOnlyForDeploymentPostprocessing = 0;
		};
/* End PBXFrameworksBuildPhase section */

/* Begin PBXGroup section */
		A9B56C7B2582B326004A5365 = {
			isa = PBXGroup;
			children = (
				A9B56C862582B326004A5365 /* visy1010 */,
				A9B56C852582B326004A5365 /* Products */,
			);
			sourceTree = "<group>";
		};
		A9B56C852582B326004A5365 /* Products */ = {
			isa = PBXGroup;
			children = (
				A9B56C842582B326004A5365 /* visy1010 */,
			);
			name = Products;
			sourceTree = "<group>";
		};
		A9B56C862582B326004A5365 /* visy1010 */ = {
			isa = PBXGroup;
			children = (
				A9FDFD422582B4B600402C1F /* main.cpp */,
				A9FDFD4F2582D82B00402C1F /* using_cstdint.hpp */,
				A95E38B12583FB7B00C53F0F /* using_iostream.hpp */,
				A9F398EC259A602000C215C7 /* using_containers.hpp */,
				A95E38AC2583F7A700C53F0F /* using_string.hpp */,
				A9F398EA259A5F7B00C215C7 /* arch.hpp */,
				A9F398E6259A5E8F00C215C7 /* assembler.cpp */,
				A9F398E7259A5E8F00C215C7 /* assembler.hpp */,
				A94EF2FD25916ECF00758403 /* cpu.hpp */,
				A95E38A92583F59400C53F0F /* disassembler.hpp */,
				A9270F2825928E3F00BC854D /* environment.cpp */,
				A9270F2925928E3F00BC854D /* environment.hpp */,
				A95E38AA2583F63100C53F0F /* memory.hpp */,
				A9FDFD4B2582D20900402C1F /* parser.cpp */,
				A9FDFD492582BC6700402C1F /* parser.hpp */,
				A9FDFD472582B59700402C1F /* processor.hpp */,
			);
			path = visy1010;
			sourceTree = "<group>";
		};
/* End PBXGroup section */

/* Begin PBXNativeTarget section */
		A9B56C832582B326004A5365 /* visy1010 */ = {
			isa = PBXNativeTarget;
			buildConfigurationList = A9B56C8B2582B326004A5365 /* Build configuration list for PBXNativeTarget "visy1010" */;
			buildPhases = (
				A9B56C802582B326004A5365 /* Sources */,
				A9B56C812582B326004A5365 /* Frameworks */,
				A9B56C822582B326004A5365 /* CopyFiles */,
			);
			buildRules = (
			);
			dependencies = (
			);
			name = visy1010;
			productName = visy1010;
			productReference = A9B56C842582B326004A5365 /* visy1010 */;
			productType = "com.apple.product-type.tool";
		};
/* End PBXNativeTarget section */

/* Begin PBXProject section */
		A9B56C7C2582B326004A5365 /* Project object */ = {
			isa = PBXProject;
			attributes = {
				LastUpgradeCheck = 1230;
				ORGANIZATIONNAME = "Faustic Inferno SL";
				TargetAttributes = {
					A9B56C832582B326004A5365 = {
						CreatedOnToolsVersion = 12.2;
					};
				};
			};
			buildConfigurationList = A9B56C7F2582B326004A5365 /* Build configuration list for PBXProject "visy1010" */;
			compatibilityVersion = "Xcode 9.3";
			developmentRegion = en;
			hasScannedForEncodings = 0;
			knownRegions = (
				en,
				Base,
			);
			mainGroup = A9B56C7B2582B326004A5365;
			productRefGroup = A9B56C852582B326004A5365 /* Products */;
			projectDirPath = "";
			projectRoot = "";
			targets = (
				A9B56C832582B326004A5365 /* visy1010 */,
			);
		};
/* End PBXProject section */

/* Begin PBXSourcesBuildPhase section */
		A9B56C802582B326004A5365 /* Sources */ = {
			isa = PBXSourcesBuildPhase;
			buildActionMask = 2147483647;
			files = (
				A9F398E8259A5E8F00C215C7 /* assembler.cpp in Sources */,
				A9FDFD4C2582D20900402C1F /* parser.cpp in Sources */,
				A9270F2A25928E3F00BC854D /* environment.cpp in Sources */,
				A9FDFD432582B4B600402C1F /* main.cpp in Sources */,
			);
			runOnlyForDeploymentPostprocessing = 0;
		};
/* End PBXSourcesBuildPhase section */

/* Begin XCBuildConfiguration section */
		A9B56C892582B326004A5365 /* Debug */ = {
			isa = XCBuildConfiguration;
			buildSettings = {
				ALWAYS_SEARCH_USER_PATHS = NO;
				CLANG_ANALYZER_NONNULL = YES;
				CLANG_ANALYZER_NUMBER_OBJECT_CONVERSION = YES_AGGRESSIVE;
				CLANG_CXX_LANGUAGE_STANDARD = "gnu++14";
				CLANG_CXX_LIBRARY = "libc++";
				CLANG_ENABLE_MODULES = YES;
				CLANG_ENABLE_OBJC_ARC = YES;
				CLANG_ENABLE_OBJC_WEAK = YES;
				CLANG_WARN_BLOCK_CAPTURE_AUTORELEASING = YES;
				CLANG_WARN_BOOL_CONVERSION = YES;
				CLANG_WARN_COMMA = YES;
				CLANG_WARN_CONSTANT_CONVERSION = YES;
				CLANG_WARN_DEPRECATED_OBJC_IMPLEMENTATIONS = YES;
				CLANG_WARN_DIRECT_OBJC_ISA_USAGE = YES_ERROR;
				CLANG_WARN_DOCUMENTATION_COMMENTS = YES;
				CLANG_WARN_EMPTY_BODY = YES;
				CLANG_WARN_ENUM_CONVERSION = YES;
				CLANG_WARN_INFINITE_RECURSION = YES;
				CLANG_WARN_INT_CONVERSION = YES;
				CLANG_WARN_NON_LITERAL_NULL_CONVERSION = YES;
				CLANG_WARN_OBJC_IMPLICIT_RETAIN_SELF = YES;
				CLANG_WARN_OBJC_LITERAL_CONVERSION = YES;
				CLANG_WARN_OBJC_ROOT_CLASS = YES_ERROR;
				CLANG_WARN_QUOTED_INCLUDE_IN_FRAMEWORK_HEADER = YES;
				CLANG_WARN_RANGE_LOOP_ANALYSIS = YES;
				CLANG_WARN_STRICT_PROTOTYPES = YES;
				CLANG_WARN_SUSPICIOUS_MOVE = YES;
				CLANG_WARN_UNGUARDED_AVAILABILITY = YES_AGGRESSIVE;
				CLANG_WARN_UNREACHABLE_CODE = YES;
				CLANG_WARN__DUPLICATE_METHOD_MATCH = YES;
				COPY_PHASE_STRIP = NO;
				DEBUG_INFORMATION_FORMAT = dwarf;
				ENABLE_STRICT_OBJC_MSGSEND = YES;
				ENABLE_TESTABILITY = YES;
				GCC_C_LANGUAGE_STANDARD = gnu11;
				GCC_DYNAMIC_NO_PIC = NO;
				GCC_NO_COMMON_BLOCKS = YES;
				GCC_OPTIMIZATION_LEVEL = 0;
				GCC_PREPROCESSOR_DEFINITIONS = (
					"DEBUG=1",
					"$(inherited)",
				);
				GCC_WARN_64_TO_32_BIT_CONVERSION = YES;
				GCC_WARN_ABOUT_RETURN_TYPE = YES_ERROR;
				GCC_WARN_UNDECLARED_SELECTOR = YES;
				GCC_WARN_UNINITIALIZED_AUTOS = YES_AGGRESSIVE;
				GCC_WARN_UNUSED_FUNCTION = YES;
				GCC_WARN_UNUSED_VARIABLE = YES;
				MACOSX_DEPLOYMENT_TARGET = 11.0;
				MTL_ENABLE_DEBUG_INFO = INCLUDE_SOURCE;
				MTL_FAST_MATH = YES;
				ONLY_ACTIVE_ARCH = YES;
				SDKROOT = macosx;
			};
			name = Debug;
		};
		A9B56C8A2582B326004A5365 /* Release */ = {
			isa = XCBuildConfiguration;
			buildSettings = {
				ALWAYS_SEARCH_USER_PATHS = NO;
				CLANG_ANALYZER_NONNULL = YES;
				CLANG_ANALYZER_NUMBER_OBJECT_CONVERSION = YES_AGGRESSIVE;
				CLANG_CXX_LANGUAGE_STANDARD = "gnu++14";
				CLANG_CXX_LIBRARY = "libc++";
				CLANG_ENABLE_MODULES = YES;
				CLANG_ENABLE_OBJC_ARC = YES;
				CLANG_ENABLE_OBJC_WEAK = YES;
				CLANG_WARN_BLOCK_CAPTURE_AUTORELEASING = YES;
				CLANG_WARN_BOOL_CONVERSION = YES;
				CLANG_WARN_COMMA = YES;
				CLANG_WARN_CONSTANT_CONVERSION = YES;
				CLANG_WARN_DEPRECATED_OBJC_IMPLEMENTATIONS = YES;
				CLANG_WARN_DIRECT_OBJC_ISA_USAGE = YES_ERROR;
				CLANG_WARN_DOCUMENTATION_COMMENTS = YES;
				CLANG_WARN_EMPTY_BODY = YES;
				CLANG_WARN_ENUM_CONVERSION = YES;
				CLANG_WARN_INFINITE_RECURSION = YES;
				CLANG_WARN_INT_CONVERSION = YES;
				CLANG_WARN_NON_LITERAL_NULL_CONVERSION = YES;
				CLANG_WARN_OBJC_IMPLICIT_RETAIN_SELF = YES;
				CLANG_WARN_OBJC_LITERAL_CONVERSION = YES;
				CLANG_WARN_OBJC_ROOT_CLASS = YES_ERROR;
				CLANG_WARN_QUOTED_INCLUDE_IN_FRAMEWORK_HEADER = YES;
				CLANG_WARN_RANGE_LOOP_ANALYSIS = YES;
				CLANG_WARN_STRICT_PROTOTYPES = YES;
				CLANG_WARN_SUSPICIOUS_MOVE = YES;
				CLANG_WARN_UNGUARDED_AVAILABILITY = YES_AGGRESSIVE;
				CLANG_WARN_UNREACHABLE_CODE = YES;
				CLANG_WARN__DUPLICATE_METHOD_MATCH = YES;
				COPY_PHASE_STRIP = NO;
				DEBUG_INFORMATION_FORMAT = "dwarf-with-dsym";
				ENABLE_NS_ASSERTIONS = NO;
				ENABLE_STRICT_OBJC_MSGSEND = YES;
				GCC_C_LANGUAGE_STANDARD = gnu11;
				GCC_NO_COMMON_BLOCKS = YES;
				GCC_WARN_64_TO_32_BIT_CONVERSION = YES;
				GCC_WARN_ABOUT_RETURN_TYPE = YES_ERROR;
				GCC_WARN_UNDECLARED_SELECTOR = YES;
				GCC_WARN_UNINITIALIZED_AUTOS = YES_AGGRESSIVE;
				GCC_WARN_UNUSED_FUNCTION = YES;
				GCC_WARN_UNUSED_VARIABLE = YES;
				MACOSX_DEPLOYMENT_TARGET = 11.0;
				MTL_ENABLE_DEBUG_INFO = NO;
				MTL_FAST_MATH = YES;
				SDKROOT = macosx;
			};
			name = Release;
		};
		A9B56C8C2582B326004A5365 /* Debug */ = {
			isa = XCBuildConfiguration;
			buildSettings = {
				CLANG_CXX_LANGUAGE_STANDARD = "c++17";
				CLANG_WARN_IMPLICIT_SIGN_CONVERSION = YES;
				CLANG_WARN_SUSPICIOUS_IMPLICIT_CONVERSION = YES;
				CLANG_WARN__EXIT_TIME_DESTRUCTORS = YES;
				CODE_SIGN_IDENTITY = "-";
				CODE_SIGN_STYLE = Automatic;
				GCC_C_LANGUAGE_STANDARD = c11;
				GCC_WARN_HIDDEN_VIRTUAL_FUNCTIONS = YES;
				GCC_WARN_NON_VIRTUAL_DESTRUCTOR = YES;
				GCC_WARN_SIGN_COMPARE = YES;
				PRODUCT_NAME = "$(TARGET_NAME)";
			};
			name = Debug;
		};
		A9B56C8D2582B326004A5365 /* Release */ = {
			isa = XCBuildConfiguration;
			buildSettings = {
				CLANG_CXX_LANGUAGE_STANDARD = "c++17";
				CLANG_WARN_IMPLICIT_SIGN_CONVERSION = YES;
				CLANG_WARN_SUSPICIOUS_IMPLICIT_CONVERSION = YES;
				CLANG_WARN__EXIT_TIME_DESTRUCTORS = YES;
				CODE_SIGN_IDENTITY = "-";
				CODE_SIGN_STYLE = Automatic;
				GCC_C_LANGUAGE_STANDARD = c11;
				GCC_WARN_HIDDEN_VIRTUAL_FUNCTIONS = YES;
				GCC_WARN_NON_VIRTUAL_DESTRUCTOR = YES;
				GCC_WARN_SIGN_COMPARE = YES;
				PRODUCT_NAME = "$(TARGET_NAME)";
			};
			name = Release;
		};
/* End XCBuildConfiguration section */

/* Begin XCConfigurationList section */
		A9B56C7F2582B326004A5365 /* Build configuration list for PBXProject "visy1010" */ = {
			isa = XCConfigurationList;
			buildConfigurations = (
				A9B56C892582B326004A5365 /* Debug */,
				A9B56C8A2582B326004A5365 /* Release */,
			);
			defaultConfigurationIsVisible = 0;
			defaultConfigurationName = Release;
		};
		A9B56C8B2582B326004A5365 /* Build configuration list for PBXNativeTarget "visy1010" */ = {
			isa = XCConfigurationList;
			buildConfigurations = (
				A9B56C8C2582B326004A5365 /* Debug */,
				A9B56C8D2582B326004A5365 /* Release */,
			);
			defaultConfigurationIsVisible = 0;
			defaultConfigurationName = Release;
		};
/* End XCConfigurationList section */
	};
	rootObject = A9B56C7C2582B326004A5365 /* Project object */;
}
